
Microsoft Visual Studio Solution File, Format Version 12.00
# Visual Studio Version 16
VisualStudioVersion = 16.0.30204.135
MinimumVisualStudioVersion = 10.0.40219.1
Project("{FAE04EC0-301F-11D3-BF4B-00C04F79EFBC}") = "AreaProblem", "AreaProblem\AreaProblem.csproj", "{5CD71C8A-CA76-4F64-B2D0-D63E63EFFE69}"
EndProject
Global
	GlobalSection(SolutionConfigurationPlatforms) = preSolution
		Debug|Any CPU = Debug|Any CPU
		Release|Any CPU = Release|Any CPU
	EndGlobalSection
	GlobalSection(ProjectConfigurationPlatforms) = postSolution
		{5CD71C8A-CA76-4F64-B2D0-D63E63EFFE69}.Debug|Any CPU.ActiveCfg = Debug|Any CPU
		{5CD71C8A-CA76-4F64-B2D0-D63E63EFFE69}.Debug|Any CPU.Build.0 = Debug|Any CPU
		{5CD71C8A-CA76-4F64-B2D0-D63E63EFFE69}.Release|Any CPU.ActiveCfg = Release|Any CPU
		{5CD71C8A-CA76-4F64-B2D0-D63E63EFFE69}.Release|Any CPU.Build.0 = Release|Any CPU
	EndGlobalSection
	GlobalSection(SolutionProperties) = preSolution
		HideSolutionNode = FALSE
	EndGlobalSection
	GlobalSection(ExtensibilityGlobals) = postSolution
		SolutionGuid = {9C98C03C-6051-4BD2-8B05-1CF800C2C41A}
	EndGlobalSection
EndGlobal
